
Microsoft Visual Studio Solution File, Format Version 12.00
# Visual Studio Version 16
VisualStudioVersion = 16.0.30114.105
MinimumVisualStudioVersion = 10.0.40219.1
Project("{FAE04EC0-301F-11D3-BF4B-00C04F79EFBC}") = "GraphQL.NET", "GraphQL.NET\GraphQL.NET.csproj", "{489748D3-D7B8-47B6-9A3E-9200777866B5}"
EndProject
Project("{FAE04EC0-301F-11D3-BF4B-00C04F79EFBC}") = "RestSharp_Training_JB-Rider", "RestSharp_Training_JB-Rider\RestSharp_Training_JB-Rider.csproj", "{3CF659BC-A9F1-413F-B1CC-F1F79365AA33}"
EndProject
Project("{FAE04EC0-301F-11D3-BF4B-00C04F79EFBC}") = "RestSharpSpecFlow", "RestSharpSpecFlow\RestSharpSpecFlow.csproj", "{9DB6A6C5-CCA2-455F-9348-51FC9DC368FB}"
EndProject
Project("{FAE04EC0-301F-11D3-BF4B-00C04F79EFBC}") = "GraphQLTest", "GraphQLTest\GraphQLTest.csproj", "{2DD6BCD7-E81C-4A49-B0C7-80F81353BEDB}"
EndProject
Global
	GlobalSection(SolutionConfigurationPlatforms) = preSolution
		Debug|Any CPU = Debug|Any CPU
		Release|Any CPU = Release|Any CPU
	EndGlobalSection
	GlobalSection(SolutionProperties) = preSolution
		HideSolutionNode = FALSE
	EndGlobalSection
	GlobalSection(ProjectConfigurationPlatforms) = postSolution
		{489748D3-D7B8-47B6-9A3E-9200777866B5}.Debug|Any CPU.ActiveCfg = Debug|Any CPU
		{489748D3-D7B8-47B6-9A3E-9200777866B5}.Debug|Any CPU.Build.0 = Debug|Any CPU
		{489748D3-D7B8-47B6-9A3E-9200777866B5}.Release|Any CPU.ActiveCfg = Release|Any CPU
		{489748D3-D7B8-47B6-9A3E-9200777866B5}.Release|Any CPU.Build.0 = Release|Any CPU
		{3CF659BC-A9F1-413F-B1CC-F1F79365AA33}.Debug|Any CPU.ActiveCfg = Debug|Any CPU
		{3CF659BC-A9F1-413F-B1CC-F1F79365AA33}.Debug|Any CPU.Build.0 = Debug|Any CPU
		{3CF659BC-A9F1-413F-B1CC-F1F79365AA33}.Release|Any CPU.ActiveCfg = Release|Any CPU
		{3CF659BC-A9F1-413F-B1CC-F1F79365AA33}.Release|Any CPU.Build.0 = Release|Any CPU
		{9DB6A6C5-CCA2-455F-9348-51FC9DC368FB}.Debug|Any CPU.ActiveCfg = Debug|Any CPU
		{9DB6A6C5-CCA2-455F-9348-51FC9DC368FB}.Debug|Any CPU.Build.0 = Debug|Any CPU
		{9DB6A6C5-CCA2-455F-9348-51FC9DC368FB}.Release|Any CPU.ActiveCfg = Release|Any CPU
		{9DB6A6C5-CCA2-455F-9348-51FC9DC368FB}.Release|Any CPU.Build.0 = Release|Any CPU
		{2DD6BCD7-E81C-4A49-B0C7-80F81353BEDB}.Debug|Any CPU.ActiveCfg = Debug|Any CPU
		{2DD6BCD7-E81C-4A49-B0C7-80F81353BEDB}.Debug|Any CPU.Build.0 = Debug|Any CPU
		{2DD6BCD7-E81C-4A49-B0C7-80F81353BEDB}.Release|Any CPU.ActiveCfg = Release|Any CPU
		{2DD6BCD7-E81C-4A49-B0C7-80F81353BEDB}.Release|Any CPU.Build.0 = Release|Any CPU
	EndGlobalSection
EndGlobal
